
Microsoft Visual Studio Solution File, Format Version 12.00
# Visual Studio 2013
VisualStudioVersion = 12.0.30723.0
MinimumVisualStudioVersion = 10.0.40219.1
Project("{FAE04EC0-301F-11D3-BF4B-00C04F79EFBC}") = "BaseWebProject", "BaseWebProject\BaseWebProject.csproj", "{4A05C6E3-649C-4B3B-815C-784DA8855C55}"
EndProject
Project("{FAE04EC0-301F-11D3-BF4B-00C04F79EFBC}") = "BaseWebProject.Dal", "BaseWebProject.Dal\BaseWebProject.Dal.csproj", "{338D8680-0662-430B-BF95-D3ED1177C69A}"
EndProject
Project("{FAE04EC0-301F-11D3-BF4B-00C04F79EFBC}") = "BaseWebProject.Dapper", "BaseWebProject.Dapper\BaseWebProject.Dapper.csproj", "{D8048ABC-8BA8-4051-B204-086749700A26}"
EndProject
Project("{FAE04EC0-301F-11D3-BF4B-00C04F79EFBC}") = "BaseWebProject.Identity.Dapper", "BaseWebProject.Identity.Dapper\BaseWebProject.Identity.Dapper.csproj", "{83EB5C06-0201-44FE-B44D-1EE5AEAE460E}"
EndProject
Global
	GlobalSection(SolutionConfigurationPlatforms) = preSolution
		Debug|Any CPU = Debug|Any CPU
		Release|Any CPU = Release|Any CPU
	EndGlobalSection
	GlobalSection(ProjectConfigurationPlatforms) = postSolution
		{4A05C6E3-649C-4B3B-815C-784DA8855C55}.Debug|Any CPU.ActiveCfg = Debug|Any CPU
		{4A05C6E3-649C-4B3B-815C-784DA8855C55}.Debug|Any CPU.Build.0 = Debug|Any CPU
		{4A05C6E3-649C-4B3B-815C-784DA8855C55}.Release|Any CPU.ActiveCfg = Release|Any CPU
		{4A05C6E3-649C-4B3B-815C-784DA8855C55}.Release|Any CPU.Build.0 = Release|Any CPU
		{338D8680-0662-430B-BF95-D3ED1177C69A}.Debug|Any CPU.ActiveCfg = Debug|Any CPU
		{338D8680-0662-430B-BF95-D3ED1177C69A}.Debug|Any CPU.Build.0 = Debug|Any CPU
		{338D8680-0662-430B-BF95-D3ED1177C69A}.Release|Any CPU.ActiveCfg = Release|Any CPU
		{338D8680-0662-430B-BF95-D3ED1177C69A}.Release|Any CPU.Build.0 = Release|Any CPU
		{D8048ABC-8BA8-4051-B204-086749700A26}.Debug|Any CPU.ActiveCfg = Debug|Any CPU
		{D8048ABC-8BA8-4051-B204-086749700A26}.Debug|Any CPU.Build.0 = Debug|Any CPU
		{D8048ABC-8BA8-4051-B204-086749700A26}.Release|Any CPU.ActiveCfg = Release|Any CPU
		{D8048ABC-8BA8-4051-B204-086749700A26}.Release|Any CPU.Build.0 = Release|Any CPU
		{83EB5C06-0201-44FE-B44D-1EE5AEAE460E}.Debug|Any CPU.ActiveCfg = Debug|Any CPU
		{83EB5C06-0201-44FE-B44D-1EE5AEAE460E}.Debug|Any CPU.Build.0 = Debug|Any CPU
		{83EB5C06-0201-44FE-B44D-1EE5AEAE460E}.Release|Any CPU.ActiveCfg = Release|Any CPU
		{83EB5C06-0201-44FE-B44D-1EE5AEAE460E}.Release|Any CPU.Build.0 = Release|Any CPU
	EndGlobalSection
	GlobalSection(SolutionProperties) = preSolution
		HideSolutionNode = FALSE
	EndGlobalSection
EndGlobal
